
Microsoft Visual Studio Solution File, Format Version 12.00
# Visual Studio Version 17
VisualStudioVersion = 17.14.36203.30
MinimumVisualStudioVersion = 10.0.40219.1
Project("{FAE04EC0-301F-11D3-BF4B-00C04F79EFBC}") = "PureTonerPlugin", "PureTonerPlugin\PureTonerPlugin.csproj", "{A08D4EB0-E4F5-46A6-852A-39CD876887B7}"
EndProject
Project("{FAE04EC0-301F-11D3-BF4B-00C04F79EFBC}") = "PureToner", "PureToner\PureToner.csproj", "{B16341B5-AF78-4221-822B-5CDDDB1727D9}"
EndProject
Global
	GlobalSection(SolutionConfigurationPlatforms) = preSolution
		Debug|Any CPU = Debug|Any CPU
		Release|Any CPU = Release|Any CPU
	EndGlobalSection
	GlobalSection(ProjectConfigurationPlatforms) = postSolution
		{A08D4EB0-E4F5-46A6-852A-39CD876887B7}.Debug|Any CPU.ActiveCfg = Debug|Any CPU
		{A08D4EB0-E4F5-46A6-852A-39CD876887B7}.Debug|Any CPU.Build.0 = Debug|Any CPU
		{A08D4EB0-E4F5-46A6-852A-39CD876887B7}.Release|Any CPU.ActiveCfg = Release|Any CPU
		{A08D4EB0-E4F5-46A6-852A-39CD876887B7}.Release|Any CPU.Build.0 = Release|Any CPU
		{B16341B5-AF78-4221-822B-5CDDDB1727D9}.Debug|Any CPU.ActiveCfg = Debug|Any CPU
		{B16341B5-AF78-4221-822B-5CDDDB1727D9}.Debug|Any CPU.Build.0 = Debug|Any CPU
		{B16341B5-AF78-4221-822B-5CDDDB1727D9}.Release|Any CPU.ActiveCfg = Release|Any CPU
		{B16341B5-AF78-4221-822B-5CDDDB1727D9}.Release|Any CPU.Build.0 = Release|Any CPU
	EndGlobalSection
	GlobalSection(SolutionProperties) = preSolution
		HideSolutionNode = FALSE
	EndGlobalSection
	GlobalSection(ExtensibilityGlobals) = postSolution
		SolutionGuid = {739F35EB-7987-4EA5-95A1-72407E388639}
	EndGlobalSection
EndGlobal
